
Microsoft Visual Studio Solution File, Format Version 12.00
# Visual Studio Version 17
VisualStudioVersion = 17.0.31903.59
MinimumVisualStudioVersion = 10.0.40219.1
Project("{2150E333-8FDC-42A3-9474-1A3956D46DE8}") = "src", "src", "{B81D79CA-74DC-46D6-B217-A6C79CABE95B}"
EndProject
Project("{FAE04EC0-301F-11D3-BF4B-00C04F79EFBC}") = "JsonSerializer.Fuzz", "src\JsonSerializerFuzzer\JsonSerializerFuzzer.csproj", "{475FB2E6-4968-4266-9C6F-4142E70295BE}"
EndProject
Project("{FAE04EC0-301F-11D3-BF4B-00C04F79EFBC}") = "UriFuzzer", "src\UriFuzzer\UriFuzzer.csproj", "{2D40A254-EEF1-485F-AD6A-CEADE1277F28}"
EndProject
Project("{FAE04EC0-301F-11D3-BF4B-00C04F79EFBC}") = "IPAddressFuzzer", "src\IPAddressFuzzer\IPAddressFuzzer.csproj", "{DC645783-4699-428A-8B2C-7F656E70252E}"
EndProject
Project("{FAE04EC0-301F-11D3-BF4B-00C04F79EFBC}") = "XmlReaderFuzzer", "src\XmlReaderFuzzer\XmlReaderFuzzer.csproj", "{B43B5130-5964-4E33-AE1A-F8F92AAA5776}"
EndProject
Global
	GlobalSection(SolutionConfigurationPlatforms) = preSolution
		Debug|Any CPU = Debug|Any CPU
		Release|Any CPU = Release|Any CPU
	EndGlobalSection
	GlobalSection(SolutionProperties) = preSolution
		HideSolutionNode = FALSE
	EndGlobalSection
	GlobalSection(ProjectConfigurationPlatforms) = postSolution
		{475FB2E6-4968-4266-9C6F-4142E70295BE}.Debug|Any CPU.ActiveCfg = Debug|Any CPU
		{475FB2E6-4968-4266-9C6F-4142E70295BE}.Debug|Any CPU.Build.0 = Debug|Any CPU
		{475FB2E6-4968-4266-9C6F-4142E70295BE}.Release|Any CPU.ActiveCfg = Release|Any CPU
		{475FB2E6-4968-4266-9C6F-4142E70295BE}.Release|Any CPU.Build.0 = Release|Any CPU
		{2D40A254-EEF1-485F-AD6A-CEADE1277F28}.Debug|Any CPU.ActiveCfg = Debug|Any CPU
		{2D40A254-EEF1-485F-AD6A-CEADE1277F28}.Debug|Any CPU.Build.0 = Debug|Any CPU
		{2D40A254-EEF1-485F-AD6A-CEADE1277F28}.Release|Any CPU.ActiveCfg = Release|Any CPU
		{2D40A254-EEF1-485F-AD6A-CEADE1277F28}.Release|Any CPU.Build.0 = Release|Any CPU
		{DC645783-4699-428A-8B2C-7F656E70252E}.Debug|Any CPU.ActiveCfg = Debug|Any CPU
		{DC645783-4699-428A-8B2C-7F656E70252E}.Debug|Any CPU.Build.0 = Debug|Any CPU
		{DC645783-4699-428A-8B2C-7F656E70252E}.Release|Any CPU.ActiveCfg = Release|Any CPU
		{DC645783-4699-428A-8B2C-7F656E70252E}.Release|Any CPU.Build.0 = Release|Any CPU
		{B43B5130-5964-4E33-AE1A-F8F92AAA5776}.Debug|Any CPU.ActiveCfg = Debug|Any CPU
		{B43B5130-5964-4E33-AE1A-F8F92AAA5776}.Debug|Any CPU.Build.0 = Debug|Any CPU
		{B43B5130-5964-4E33-AE1A-F8F92AAA5776}.Release|Any CPU.ActiveCfg = Release|Any CPU
		{B43B5130-5964-4E33-AE1A-F8F92AAA5776}.Release|Any CPU.Build.0 = Release|Any CPU
	EndGlobalSection
	GlobalSection(NestedProjects) = preSolution
		{475FB2E6-4968-4266-9C6F-4142E70295BE} = {B81D79CA-74DC-46D6-B217-A6C79CABE95B}
		{2D40A254-EEF1-485F-AD6A-CEADE1277F28} = {B81D79CA-74DC-46D6-B217-A6C79CABE95B}
		{DC645783-4699-428A-8B2C-7F656E70252E} = {B81D79CA-74DC-46D6-B217-A6C79CABE95B}
		{B43B5130-5964-4E33-AE1A-F8F92AAA5776} = {B81D79CA-74DC-46D6-B217-A6C79CABE95B}
	EndGlobalSection
EndGlobal
